
Microsoft Visual Studio Solution File, Format Version 12.00
# Visual Studio Version 16
VisualStudioVersion = 16.0.33328.57
MinimumVisualStudioVersion = 10.0.40219.1
Project("{FAE04EC0-301F-11D3-BF4B-00C04F79EFBC}") = "Microsoft", "Microsoft\Microsoft.csproj", "{ADA45F41-5ADA-4946-AD8D-CD4EE67E5F62}"
EndProject
Global
	GlobalSection(SolutionConfigurationPlatforms) = preSolution
		Debug|Any CPU = Debug|Any CPU
		Release|Any CPU = Release|Any CPU
	EndGlobalSection
	GlobalSection(ProjectConfigurationPlatforms) = postSolution
		{ADA45F41-5ADA-4946-AD8D-CD4EE67E5F62}.Debug|Any CPU.ActiveCfg = Debug|Any CPU
		{ADA45F41-5ADA-4946-AD8D-CD4EE67E5F62}.Debug|Any CPU.Build.0 = Debug|Any CPU
		{ADA45F41-5ADA-4946-AD8D-CD4EE67E5F62}.Release|Any CPU.ActiveCfg = Release|Any CPU
		{ADA45F41-5ADA-4946-AD8D-CD4EE67E5F62}.Release|Any CPU.Build.0 = Release|Any CPU
	EndGlobalSection
	GlobalSection(SolutionProperties) = preSolution
		HideSolutionNode = FALSE
	EndGlobalSection
	GlobalSection(ExtensibilityGlobals) = postSolution
		SolutionGuid = {A522E4B3-042E-4C33-8F6F-05F1EAB7C10E}
	EndGlobalSection
EndGlobal
